// !$*UTF8*$!
{
	archiveVersion = 1;
	classes = {
	};
	objectVersion = 50;
	objects = {

/* Begin PBXBuildFile section */
		B8046388224695CA00FCB2B0 /* DetailViewController.swift in Sources */ = {isa = PBXBuildFile; fileRef = B8046387224695CA00FCB2B0 /* DetailViewController.swift */; };
		B83A67A1225120AA009E8123 /* ImageStore.swift in Sources */ = {isa = PBXBuildFile; fileRef = B83A67A0225120AA009E8123 /* ImageStore.swift */; };
		B8BD14A9221DA8C60015187A /* AppDelegate.swift in Sources */ = {isa = PBXBuildFile; fileRef = B8BD14A8221DA8C60015187A /* AppDelegate.swift */; };
		B8BD14AE221DA8C60015187A /* Main.storyboard in Resources */ = {isa = PBXBuildFile; fileRef = B8BD14AC221DA8C60015187A /* Main.storyboard */; };
		B8BD14B0221DA8C70015187A /* Assets.xcassets in Resources */ = {isa = PBXBuildFile; fileRef = B8BD14AF221DA8C70015187A /* Assets.xcassets */; };
		B8BD14B3221DA8C70015187A /* LaunchScreen.storyboard in Resources */ = {isa = PBXBuildFile; fileRef = B8BD14B1221DA8C70015187A /* LaunchScreen.storyboard */; };
		B8BD14BE221DA8C70015187A /* HomepwnerTests.swift in Sources */ = {isa = PBXBuildFile; fileRef = B8BD14BD221DA8C70015187A /* HomepwnerTests.swift */; };
		B8BD14C9221DA8C70015187A /* HomepwnerUITests.swift in Sources */ = {isa = PBXBuildFile; fileRef = B8BD14C8221DA8C70015187A /* HomepwnerUITests.swift */; };
		B8BD14D7221DAB070015187A /* ItemsViewController.swift in Sources */ = {isa = PBXBuildFile; fileRef = B8BD14D6221DAB070015187A /* ItemsViewController.swift */; };
		B8BD14D9221DAD460015187A /* Item.swift in Sources */ = {isa = PBXBuildFile; fileRef = B8BD14D8221DAD460015187A /* Item.swift */; };
		B8BD14DB221DB2490015187A /* ItemStore.swift in Sources */ = {isa = PBXBuildFile; fileRef = B8BD14DA221DB2490015187A /* ItemStore.swift */; };
		B8BD14DD221F258A0015187A /* ItemCell.swift in Sources */ = {isa = PBXBuildFile; fileRef = B8BD14DC221F258A0015187A /* ItemCell.swift */; };
/* End PBXBuildFile section */

/* Begin PBXContainerItemProxy section */
		B8BD14BA221DA8C70015187A /* PBXContainerItemProxy */ = {
			isa = PBXContainerItemProxy;
			containerPortal = B8BD149D221DA8C60015187A /* Project object */;
			proxyType = 1;
			remoteGlobalIDString = B8BD14A4221DA8C60015187A;
			remoteInfo = Homepwner;
		};
		B8BD14C5221DA8C70015187A /* PBXContainerItemProxy */ = {
			isa = PBXContainerItemProxy;
			containerPortal = B8BD149D221DA8C60015187A /* Project object */;
			proxyType = 1;
			remoteGlobalIDString = B8BD14A4221DA8C60015187A;
			remoteInfo = Homepwner;
		};
/* End PBXContainerItemProxy section */

/* Begin PBXFileReference section */
		B8046387224695CA00FCB2B0 /* DetailViewController.swift */ = {isa = PBXFileReference; lastKnownFileType = sourcecode.swift; path = DetailViewController.swift; sourceTree = "<group>"; };
		B83A67A0225120AA009E8123 /* ImageStore.swift */ = {isa = PBXFileReference; lastKnownFileType = sourcecode.swift; path = ImageStore.swift; sourceTree = "<group>"; };
		B8BD14A5221DA8C60015187A /* Homepwner.app */ = {isa = PBXFileReference; explicitFileType = wrapper.application; includeInIndex = 0; path = Homepwner.app; sourceTree = BUILT_PRODUCTS_DIR; };
		B8BD14A8221DA8C60015187A /* AppDelegate.swift */ = {isa = PBXFileReference; lastKnownFileType = sourcecode.swift; path = AppDelegate.swift; sourceTree = "<group>"; };
		B8BD14AD221DA8C60015187A /* Base */ = {isa = PBXFileReference; lastKnownFileType = file.storyboard; name = Base; path = Base.lproj/Main.storyboard; sourceTree = "<group>"; };
		B8BD14AF221DA8C70015187A /* Assets.xcassets */ = {isa = PBXFileReference; lastKnownFileType = folder.assetcatalog; path = Assets.xcassets; sourceTree = "<group>"; };
		B8BD14B2221DA8C70015187A /* Base */ = {isa = PBXFileReference; lastKnownFileType = file.storyboard; name = Base; path = Base.lproj/LaunchScreen.storyboard; sourceTree = "<group>"; };
		B8BD14B4221DA8C70015187A /* Info.plist */ = {isa = PBXFileReference; lastKnownFileType = text.plist.xml; path = Info.plist; sourceTree = "<group>"; };
		B8BD14B9221DA8C70015187A /* HomepwnerTests.xctest */ = {isa = PBXFileReference; explicitFileType = wrapper.cfbundle; includeInIndex = 0; path = HomepwnerTests.xctest; sourceTree = BUILT_PRODUCTS_DIR; };
		B8BD14BD221DA8C70015187A /* HomepwnerTests.swift */ = {isa = PBXFileReference; lastKnownFileType = sourcecode.swift; path = HomepwnerTests.swift; sourceTree = "<group>"; };
		B8BD14BF221DA8C70015187A /* Info.plist */ = {isa = PBXFileReference; lastKnownFileType = text.plist.xml; path = Info.plist; sourceTree = "<group>"; };
		B8BD14C4221DA8C70015187A /* HomepwnerUITests.xctest */ = {isa = PBXFileReference; explicitFileType = wrapper.cfbundle; includeInIndex = 0; path = HomepwnerUITests.xctest; sourceTree = BUILT_PRODUCTS_DIR; };
		B8BD14C8221DA8C70015187A /* HomepwnerUITests.swift */ = {isa = PBXFileReference; lastKnownFileType = sourcecode.swift; path = HomepwnerUITests.swift; sourceTree = "<group>"; };
		B8BD14CA221DA8C70015187A /* Info.plist */ = {isa = PBXFileReference; lastKnownFileType = text.plist.xml; path = Info.plist; sourceTree = "<group>"; };
		B8BD14D6221DAB070015187A /* ItemsViewController.swift */ = {isa = PBXFileReference; lastKnownFileType = sourcecode.swift; path = ItemsViewController.swift; sourceTree = "<group>"; };
		B8BD14D8221DAD460015187A /* Item.swift */ = {isa = PBXFileReference; lastKnownFileType = sourcecode.swift; path = Item.swift; sourceTree = "<group>"; };
		B8BD14DA221DB2490015187A /* ItemStore.swift */ = {isa = PBXFileReference; lastKnownFileType = sourcecode.swift; path = ItemStore.swift; sourceTree = "<group>"; };
		B8BD14DC221F258A0015187A /* ItemCell.swift */ = {isa = PBXFileReference; lastKnownFileType = sourcecode.swift; path = ItemCell.swift; sourceTree = "<group>"; };
/* End PBXFileReference section */

/* Begin PBXFrameworksBuildPhase section */
		B8BD14A2221DA8C60015187A /* Frameworks */ = {
			isa = PBXFrameworksBuildPhase;
			buildActionMask = 2147483647;
			files = (
			);
			runOnlyForDeploymentPostprocessing = 0;
		};
		B8BD14B6221DA8C70015187A /* Frameworks */ = {
			isa = PBXFrameworksBuildPhase;
			buildActionMask = 2147483647;
			files = (
			);
			runOnlyForDeploymentPostprocessing = 0;
		};
		B8BD14C1221DA8C70015187A /* Frameworks */ = {
			isa = PBXFrameworksBuildPhase;
			buildActionMask = 2147483647;
			files = (
			);
			runOnlyForDeploymentPostprocessing = 0;
		};
/* End PBXFrameworksBuildPhase section */

/* Begin PBXGroup section */
		B8BD149C221DA8C60015187A = {
			isa = PBXGroup;
			children = (
				B8BD14A7221DA8C60015187A /* Homepwner */,
				B8BD14BC221DA8C70015187A /* HomepwnerTests */,
				B8BD14C7221DA8C70015187A /* HomepwnerUITests */,
				B8BD14A6221DA8C60015187A /* Products */,
			);
			sourceTree = "<group>";
		};
		B8BD14A6221DA8C60015187A /* Products */ = {
			isa = PBXGroup;
			children = (
				B8BD14A5221DA8C60015187A /* Homepwner.app */,
				B8BD14B9221DA8C70015187A /* HomepwnerTests.xctest */,
				B8BD14C4221DA8C70015187A /* HomepwnerUITests.xctest */,
			);
			name = Products;
			sourceTree = "<group>";
		};
		B8BD14A7221DA8C60015187A /* Homepwner */ = {
			isa = PBXGroup;
			children = (
				B8046387224695CA00FCB2B0 /* DetailViewController.swift */,
				B83A67A0225120AA009E8123 /* ImageStore.swift */,
				B8BD14D6221DAB070015187A /* ItemsViewController.swift */,
				B8BD14A8221DA8C60015187A /* AppDelegate.swift */,
				B8BD14AC221DA8C60015187A /* Main.storyboard */,
				B8BD14AF221DA8C70015187A /* Assets.xcassets */,
				B8BD14B1221DA8C70015187A /* LaunchScreen.storyboard */,
				B8BD14B4221DA8C70015187A /* Info.plist */,
				B8BD14D8221DAD460015187A /* Item.swift */,
				B8BD14DA221DB2490015187A /* ItemStore.swift */,
				B8BD14DC221F258A0015187A /* ItemCell.swift */,
			);
			path = Homepwner;
			sourceTree = "<group>";
		};
		B8BD14BC221DA8C70015187A /* HomepwnerTests */ = {
			isa = PBXGroup;
			children = (
				B8BD14BD221DA8C70015187A /* HomepwnerTests.swift */,
				B8BD14BF221DA8C70015187A /* Info.plist */,
			);
			path = HomepwnerTests;
			sourceTree = "<group>";
		};
		B8BD14C7221DA8C70015187A /* HomepwnerUITests */ = {
			isa = PBXGroup;
			children = (
				B8BD14C8221DA8C70015187A /* HomepwnerUITests.swift */,
				B8BD14CA221DA8C70015187A /* Info.plist */,
			);
			path = HomepwnerUITests;
			sourceTree = "<group>";
		};
/* End PBXGroup section */

/* Begin PBXNativeTarget section */
		B8BD14A4221DA8C60015187A /* Homepwner */ = {
			isa = PBXNativeTarget;
			buildConfigurationList = B8BD14CD221DA8C70015187A /* Build configuration list for PBXNativeTarget "Homepwner" */;
			buildPhases = (
				B8BD14A1221DA8C60015187A /* Sources */,
				B8BD14A2221DA8C60015187A /* Frameworks */,
				B8BD14A3221DA8C60015187A /* Resources */,
			);
			buildRules = (
			);
			dependencies = (
			);
			name = Homepwner;
			productName = Homepwner;
			productReference = B8BD14A5221DA8C60015187A /* Homepwner.app */;
			productType = "com.apple.product-type.application";
		};
		B8BD14B8221DA8C70015187A /* HomepwnerTests */ = {
			isa = PBXNativeTarget;
			buildConfigurationList = B8BD14D0221DA8C70015187A /* Build configuration list for PBXNativeTarget "HomepwnerTests" */;
			buildPhases = (
				B8BD14B5221DA8C70015187A /* Sources */,
				B8BD14B6221DA8C70015187A /* Frameworks */,
				B8BD14B7221DA8C70015187A /* Resources */,
			);
			buildRules = (
			);
			dependencies = (
				B8BD14BB221DA8C70015187A /* PBXTargetDependency */,
			);
			name = HomepwnerTests;
			productName = HomepwnerTests;
			productReference = B8BD14B9221DA8C70015187A /* HomepwnerTests.xctest */;
			productType = "com.apple.product-type.bundle.unit-test";
		};
		B8BD14C3221DA8C70015187A /* HomepwnerUITests */ = {
			isa = PBXNativeTarget;
			buildConfigurationList = B8BD14D3221DA8C70015187A /* Build configuration list for PBXNativeTarget "HomepwnerUITests" */;
			buildPhases = (
				B8BD14C0221DA8C70015187A /* Sources */,
				B8BD14C1221DA8C70015187A /* Frameworks */,
				B8BD14C2221DA8C70015187A /* Resources */,
			);
			buildRules = (
			);
			dependencies = (
				B8BD14C6221DA8C70015187A /* PBXTargetDependency */,
			);
			name = HomepwnerUITests;
			productName = HomepwnerUITests;
			productReference = B8BD14C4221DA8C70015187A /* HomepwnerUITests.xctest */;
			productType = "com.apple.product-type.bundle.ui-testing";
		};
/* End PBXNativeTarget section */

/* Begin PBXProject section */
		B8BD149D221DA8C60015187A /* Project object */ = {
			isa = PBXProject;
			attributes = {
				LastSwiftUpdateCheck = 1010;
				LastUpgradeCheck = 1010;
				ORGANIZATIONNAME = "Josh Kleinschmidt";
				TargetAttributes = {
					B8BD14A4221DA8C60015187A = {
						CreatedOnToolsVersion = 10.1;
					};
					B8BD14B8221DA8C70015187A = {
						CreatedOnToolsVersion = 10.1;
						TestTargetID = B8BD14A4221DA8C60015187A;
					};
					B8BD14C3221DA8C70015187A = {
						CreatedOnToolsVersion = 10.1;
						TestTargetID = B8BD14A4221DA8C60015187A;
					};
				};
			};
			buildConfigurationList = B8BD14A0221DA8C60015187A /* Build configuration list for PBXProject "Homepwner" */;
			compatibilityVersion = "Xcode 9.3";
			developmentRegion = en;
			hasScannedForEncodings = 0;
			knownRegions = (
				en,
				Base,
			);
			mainGroup = B8BD149C221DA8C60015187A;
			productRefGroup = B8BD14A6221DA8C60015187A /* Products */;
			projectDirPath = "";
			projectRoot = "";
			targets = (
				B8BD14A4221DA8C60015187A /* Homepwner */,
				B8BD14B8221DA8C70015187A /* HomepwnerTests */,
				B8BD14C3221DA8C70015187A /* HomepwnerUITests */,
			);
		};
/* End PBXProject section */

/* Begin PBXResourcesBuildPhase section */
		B8BD14A3221DA8C60015187A /* Resources */ = {
			isa = PBXResourcesBuildPhase;
			buildActionMask = 2147483647;
			files = (
				B8BD14B3221DA8C70015187A /* LaunchScreen.storyboard in Resources */,
				B8BD14B0221DA8C70015187A /* Assets.xcassets in Resources */,
				B8BD14AE221DA8C60015187A /* Main.storyboard in Resources */,
			);
			runOnlyForDeploymentPostprocessing = 0;
		};
		B8BD14B7221DA8C70015187A /* Resources */ = {
			isa = PBXResourcesBuildPhase;
			buildActionMask = 2147483647;
			files = (
			);
			runOnlyForDeploymentPostprocessing = 0;
		};
		B8BD14C2221DA8C70015187A /* Resources */ = {
			isa = PBXResourcesBuildPhase;
			buildActionMask = 2147483647;
			files = (
			);
			runOnlyForDeploymentPostprocessing = 0;
		};
/* End PBXResourcesBuildPhase section */

/* Begin PBXSourcesBuildPhase section */
		B8BD14A1221DA8C60015187A /* Sources */ = {
			isa = PBXSourcesBuildPhase;
			buildActionMask = 2147483647;
			files = (
				B8BD14D7221DAB070015187A /* ItemsViewController.swift in Sources */,
				B8BD14D9221DAD460015187A /* Item.swift in Sources */,
				B8BD14DB221DB2490015187A /* ItemStore.swift in Sources */,
				B8046388224695CA00FCB2B0 /* DetailViewController.swift in Sources */,
				B8BD14A9221DA8C60015187A /* AppDelegate.swift in Sources */,
				B83A67A1225120AA009E8123 /* ImageStore.swift in Sources */,
				B8BD14DD221F258A0015187A /* ItemCell.swift in Sources */,
			);
			runOnlyForDeploymentPostprocessing = 0;
		};
		B8BD14B5221DA8C70015187A /* Sources */ = {
			isa = PBXSourcesBuildPhase;
			buildActionMask = 2147483647;
			files = (
				B8BD14BE221DA8C70015187A /* HomepwnerTests.swift in Sources */,
			);
			runOnlyForDeploymentPostprocessing = 0;
		};
		B8BD14C0221DA8C70015187A /* Sources */ = {
			isa = PBXSourcesBuildPhase;
			buildActionMask = 2147483647;
			files = (
				B8BD14C9221DA8C70015187A /* HomepwnerUITests.swift in Sources */,
			);
			runOnlyForDeploymentPostprocessing = 0;
		};
/* End PBXSourcesBuildPhase section */

/* Begin PBXTargetDependency section */
		B8BD14BB221DA8C70015187A /* PBXTargetDependency */ = {
			isa = PBXTargetDependency;
			target = B8BD14A4221DA8C60015187A /* Homepwner */;
			targetProxy = B8BD14BA221DA8C70015187A /* PBXContainerItemProxy */;
		};
		B8BD14C6221DA8C70015187A /* PBXTargetDependency */ = {
			isa = PBXTargetDependency;
			target = B8BD14A4221DA8C60015187A /* Homepwner */;
			targetProxy = B8BD14C5221DA8C70015187A /* PBXContainerItemProxy */;
		};
/* End PBXTargetDependency section */

/* Begin PBXVariantGroup section */
		B8BD14AC221DA8C60015187A /* Main.storyboard */ = {
			isa = PBXVariantGroup;
			children = (
				B8BD14AD221DA8C60015187A /* Base */,
			);
			name = Main.storyboard;
			sourceTree = "<group>";
		};
		B8BD14B1221DA8C70015187A /* LaunchScreen.storyboard */ = {
			isa = PBXVariantGroup;
			children = (
				B8BD14B2221DA8C70015187A /* Base */,
			);
			name = LaunchScreen.storyboard;
			sourceTree = "<group>";
		};
/* End PBXVariantGroup section */

/* Begin XCBuildConfiguration section */
		B8BD14CB221DA8C70015187A /* Debug */ = {
			isa = XCBuildConfiguration;
			buildSettings = {
				ALWAYS_SEARCH_USER_PATHS = NO;
				CLANG_ANALYZER_NONNULL = YES;
				CLANG_ANALYZER_NUMBER_OBJECT_CONVERSION = YES_AGGRESSIVE;
				CLANG_CXX_LANGUAGE_STANDARD = "gnu++14";
				CLANG_CXX_LIBRARY = "libc++";
				CLANG_ENABLE_MODULES = YES;
				CLANG_ENABLE_OBJC_ARC = YES;
				CLANG_ENABLE_OBJC_WEAK = YES;
				CLANG_WARN_BLOCK_CAPTURE_AUTORELEASING = YES;
				CLANG_WARN_BOOL_CONVERSION = YES;
				CLANG_WARN_COMMA = YES;
				CLANG_WARN_CONSTANT_CONVERSION = YES;
				CLANG_WARN_DEPRECATED_OBJC_IMPLEMENTATIONS = YES;
				CLANG_WARN_DIRECT_OBJC_ISA_USAGE = YES_ERROR;
				CLANG_WARN_DOCUMENTATION_COMMENTS = YES;
				CLANG_WARN_EMPTY_BODY = YES;
				CLANG_WARN_ENUM_CONVERSION = YES;
				CLANG_WARN_INFINITE_RECURSION = YES;
				CLANG_WARN_INT_CONVERSION = YES;
				CLANG_WARN_NON_LITERAL_NULL_CONVERSION = YES;
				CLANG_WARN_OBJC_IMPLICIT_RETAIN_SELF = YES;
				CLANG_WARN_OBJC_LITERAL_CONVERSION = YES;
				CLANG_WARN_OBJC_ROOT_CLASS = YES_ERROR;
				CLANG_WARN_RANGE_LOOP_ANALYSIS = YES;
				CLANG_WARN_STRICT_PROTOTYPES = YES;
				CLANG_WARN_SUSPICIOUS_MOVE = YES;
				CLANG_WARN_UNGUARDED_AVAILABILITY = YES_AGGRESSIVE;
				CLANG_WARN_UNREACHABLE_CODE = YES;
				CLANG_WARN__DUPLICATE_METHOD_MATCH = YES;
				CODE_SIGN_IDENTITY = "iPhone Developer";
				COPY_PHASE_STRIP = NO;
				DEBUG_INFORMATION_FORMAT = dwarf;
				ENABLE_STRICT_OBJC_MSGSEND = YES;
				ENABLE_TESTABILITY = YES;
				GCC_C_LANGUAGE_STANDARD = gnu11;
				GCC_DYNAMIC_NO_PIC = NO;
				GCC_NO_COMMON_BLOCKS = YES;
				GCC_OPTIMIZATION_LEVEL = 0;
				GCC_PREPROCESSOR_DEFINITIONS = (
					"DEBUG=1",
					"$(inherited)",
				);
				GCC_WARN_64_TO_32_BIT_CONVERSION = YES;
				GCC_WARN_ABOUT_RETURN_TYPE = YES_ERROR;
				GCC_WARN_UNDECLARED_SELECTOR = YES;
				GCC_WARN_UNINITIALIZED_AUTOS = YES_AGGRESSIVE;
				GCC_WARN_UNUSED_FUNCTION = YES;
				GCC_WARN_UNUSED_VARIABLE = YES;
				IPHONEOS_DEPLOYMENT_TARGET = 12.1;
				MTL_ENABLE_DEBUG_INFO = INCLUDE_SOURCE;
				MTL_FAST_MATH = YES;
				ONLY_ACTIVE_ARCH = YES;
				SDKROOT = iphoneos;
				SWIFT_ACTIVE_COMPILATION_CONDITIONS = DEBUG;
				SWIFT_OPTIMIZATION_LEVEL = "-Onone";
			};
			name = Debug;
		};
		B8BD14CC221DA8C70015187A /* Release */ = {
			isa = XCBuildConfiguration;
			buildSettings = {
				ALWAYS_SEARCH_USER_PATHS = NO;
				CLANG_ANALYZER_NONNULL = YES;
				CLANG_ANALYZER_NUMBER_OBJECT_CONVERSION = YES_AGGRESSIVE;
				CLANG_CXX_LANGUAGE_STANDARD = "gnu++14";
				CLANG_CXX_LIBRARY = "libc++";
				CLANG_ENABLE_MODULES = YES;
				CLANG_ENABLE_OBJC_ARC = YES;
				CLANG_ENABLE_OBJC_WEAK = YES;
				CLANG_WARN_BLOCK_CAPTURE_AUTORELEASING = YES;
				CLANG_WARN_BOOL_CONVERSION = YES;
				CLANG_WARN_COMMA = YES;
				CLANG_WARN_CONSTANT_CONVERSION = YES;
				CLANG_WARN_DEPRECATED_OBJC_IMPLEMENTATIONS = YES;
				CLANG_WARN_DIRECT_OBJC_ISA_USAGE = YES_ERROR;
				CLANG_WARN_DOCUMENTATION_COMMENTS = YES;
				CLANG_WARN_EMPTY_BODY = YES;
				CLANG_WARN_ENUM_CONVERSION = YES;
				CLANG_WARN_INFINITE_RECURSION = YES;
				CLANG_WARN_INT_CONVERSION = YES;
				CLANG_WARN_NON_LITERAL_NULL_CONVERSION = YES;
				CLANG_WARN_OBJC_IMPLICIT_RETAIN_SELF = YES;
				CLANG_WARN_OBJC_LITERAL_CONVERSION = YES;
				CLANG_WARN_OBJC_ROOT_CLASS = YES_ERROR;
				CLANG_WARN_RANGE_LOOP_ANALYSIS = YES;
				CLANG_WARN_STRICT_PROTOTYPES = YES;
				CLANG_WARN_SUSPICIOUS_MOVE = YES;
				CLANG_WARN_UNGUARDED_AVAILABILITY = YES_AGGRESSIVE;
				CLANG_WARN_UNREACHABLE_CODE = YES;
				CLANG_WARN__DUPLICATE_METHOD_MATCH = YES;
				CODE_SIGN_IDENTITY = "iPhone Developer";
				COPY_PHASE_STRIP = NO;
				DEBUG_INFORMATION_FORMAT = "dwarf-with-dsym";
				ENABLE_NS_ASSERTIONS = NO;
				ENABLE_STRICT_OBJC_MSGSEND = YES;
				GCC_C_LANGUAGE_STANDARD = gnu11;
				GCC_NO_COMMON_BLOCKS = YES;
				GCC_WARN_64_TO_32_BIT_CONVERSION = YES;
				GCC_WARN_ABOUT_RETURN_TYPE = YES_ERROR;
				GCC_WARN_UNDECLARED_SELECTOR = YES;
				GCC_WARN_UNINITIALIZED_AUTOS = YES_AGGRESSIVE;
				GCC_WARN_UNUSED_FUNCTION = YES;
				GCC_WARN_UNUSED_VARIABLE = YES;
				IPHONEOS_DEPLOYMENT_TARGET = 12.1;
				MTL_ENABLE_DEBUG_INFO = NO;
				MTL_FAST_MATH = YES;
				SDKROOT = iphoneos;
				SWIFT_COMPILATION_MODE = wholemodule;
				SWIFT_OPTIMIZATION_LEVEL = "-O";
				VALIDATE_PRODUCT = YES;
			};
			name = Release;
		};
		B8BD14CE221DA8C70015187A /* Debug */ = {
			isa = XCBuildConfiguration;
			buildSettings = {
				ASSETCATALOG_COMPILER_APPICON_NAME = AppIcon;
				CODE_SIGN_STYLE = Automatic;
				INFOPLIST_FILE = Homepwner/Info.plist;
				LD_RUNPATH_SEARCH_PATHS = (
					"$(inherited)",
					"@executable_path/Frameworks",
				);
				PRODUCT_BUNDLE_IDENTIFIER = whogoesfirst.Homepwner;
				PRODUCT_NAME = "$(TARGET_NAME)";
				SWIFT_VERSION = 4.2;
				TARGETED_DEVICE_FAMILY = "1,2";
			};
			name = Debug;
		};
		B8BD14CF221DA8C70015187A /* Release */ = {
			isa = XCBuildConfiguration;
			buildSettings = {
				ASSETCATALOG_COMPILER_APPICON_NAME = AppIcon;
				CODE_SIGN_STYLE = Automatic;
				INFOPLIST_FILE = Homepwner/Info.plist;
				LD_RUNPATH_SEARCH_PATHS = (
					"$(inherited)",
					"@executable_path/Frameworks",
				);
				PRODUCT_BUNDLE_IDENTIFIER = whogoesfirst.Homepwner;
				PRODUCT_NAME = "$(TARGET_NAME)";
				SWIFT_VERSION = 4.2;
				TARGETED_DEVICE_FAMILY = "1,2";
			};
			name = Release;
		};
		B8BD14D1221DA8C70015187A /* Debug */ = {
			isa = XCBuildConfiguration;
			buildSettings = {
				ALWAYS_EMBED_SWIFT_STANDARD_LIBRARIES = YES;
				BUNDLE_LOADER = "$(TEST_HOST)";
				CODE_SIGN_STYLE = Automatic;
				INFOPLIST_FILE = HomepwnerTests/Info.plist;
				LD_RUNPATH_SEARCH_PATHS = (
					"$(inherited)",
					"@executable_path/Frameworks",
					"@loader_path/Frameworks",
				);
				PRODUCT_BUNDLE_IDENTIFIER = whogoesfirst.HomepwnerTests;
				PRODUCT_NAME = "$(TARGET_NAME)";
				SWIFT_VERSION = 4.2;
				TARGETED_DEVICE_FAMILY = "1,2";
				TEST_HOST = "$(BUILT_PRODUCTS_DIR)/Homepwner.app/Homepwner";
			};
			name = Debug;
		};
		B8BD14D2221DA8C70015187A /* Release */ = {
			isa = XCBuildConfiguration;
			buildSettings = {
				ALWAYS_EMBED_SWIFT_STANDARD_LIBRARIES = YES;
				BUNDLE_LOADER = "$(TEST_HOST)";
				CODE_SIGN_STYLE = Automatic;
				INFOPLIST_FILE = HomepwnerTests/Info.plist;
				LD_RUNPATH_SEARCH_PATHS = (
					"$(inherited)",
					"@executable_path/Frameworks",
					"@loader_path/Frameworks",
				);
				PRODUCT_BUNDLE_IDENTIFIER = whogoesfirst.HomepwnerTests;
				PRODUCT_NAME = "$(TARGET_NAME)";
				SWIFT_VERSION = 4.2;
				TARGETED_DEVICE_FAMILY = "1,2";
				TEST_HOST = "$(BUILT_PRODUCTS_DIR)/Homepwner.app/Homepwner";
			};
			name = Release;
		};
		B8BD14D4221DA8C70015187A /* Debug */ = {
			isa = XCBuildConfiguration;
			buildSettings = {
				ALWAYS_EMBED_SWIFT_STANDARD_LIBRARIES = YES;
				CODE_SIGN_STYLE = Automatic;
				INFOPLIST_FILE = HomepwnerUITests/Info.plist;
				LD_RUNPATH_SEARCH_PATHS = (
					"$(inherited)",
					"@executable_path/Frameworks",
					"@loader_path/Frameworks",
				);
				PRODUCT_BUNDLE_IDENTIFIER = whogoesfirst.HomepwnerUITests;
				PRODUCT_NAME = "$(TARGET_NAME)";
				SWIFT_VERSION = 4.2;
				TARGETED_DEVICE_FAMILY = "1,2";
				TEST_TARGET_NAME = Homepwner;
			};
			name = Debug;
		};
		B8BD14D5221DA8C70015187A /* Release */ = {
			isa = XCBuildConfiguration;
			buildSettings = {
				ALWAYS_EMBED_SWIFT_STANDARD_LIBRARIES = YES;
				CODE_SIGN_STYLE = Automatic;
				INFOPLIST_FILE = HomepwnerUITests/Info.plist;
				LD_RUNPATH_SEARCH_PATHS = (
					"$(inherited)",
					"@executable_path/Frameworks",
					"@loader_path/Frameworks",
				);
				PRODUCT_BUNDLE_IDENTIFIER = whogoesfirst.HomepwnerUITests;
				PRODUCT_NAME = "$(TARGET_NAME)";
				SWIFT_VERSION = 4.2;
				TARGETED_DEVICE_FAMILY = "1,2";
				TEST_TARGET_NAME = Homepwner;
			};
			name = Release;
		};
/* End XCBuildConfiguration section */

/* Begin XCConfigurationList section */
		B8BD14A0221DA8C60015187A /* Build configuration list for PBXProject "Homepwner" */ = {
			isa = XCConfigurationList;
			buildConfigurations = (
				B8BD14CB221DA8C70015187A /* Debug */,
				B8BD14CC221DA8C70015187A /* Release */,
			);
			defaultConfigurationIsVisible = 0;
			defaultConfigurationName = Release;
		};
		B8BD14CD221DA8C70015187A /* Build configuration list for PBXNativeTarget "Homepwner" */ = {
			isa = XCConfigurationList;
			buildConfigurations = (
				B8BD14CE221DA8C70015187A /* Debug */,
				B8BD14CF221DA8C70015187A /* Release */,
			);
			defaultConfigurationIsVisible = 0;
			defaultConfigurationName = Release;
		};
		B8BD14D0221DA8C70015187A /* Build configuration list for PBXNativeTarget "HomepwnerTests" */ = {
			isa = XCConfigurationList;
			buildConfigurations = (
				B8BD14D1221DA8C70015187A /* Debug */,
				B8BD14D2221DA8C70015187A /* Release */,
			);
			defaultConfigurationIsVisible = 0;
			defaultConfigurationName = Release;
		};
		B8BD14D3221DA8C70015187A /* Build configuration list for PBXNativeTarget "HomepwnerUITests" */ = {
			isa = XCConfigurationList;
			buildConfigurations = (
				B8BD14D4221DA8C70015187A /* Debug */,
				B8BD14D5221DA8C70015187A /* Release */,
			);
			defaultConfigurationIsVisible = 0;
			defaultConfigurationName = Release;
		};
/* End XCConfigurationList section */
	};
	rootObject = B8BD149D221DA8C60015187A /* Project object */;
}
